
Microsoft Visual Studio Solution File, Format Version 12.00
# Visual Studio Version 17
VisualStudioVersion = 17.4.33205.214
MinimumVisualStudioVersion = 10.0.40219.1
Project("{9A19103F-16F7-4668-BE54-9A1E7A4F7556}") = "Block1", "Block1\Block1.csproj", "{27FC1A7C-2706-4187-9416-70539FF687BA}"
EndProject
Project("{FAE04EC0-301F-11D3-BF4B-00C04F79EFBC}") = "Block1Library", "Block1Library\Block1Library.csproj", "{B1859AAA-8F03-41CF-86AB-F548571B1299}"
EndProject
Project("{FAE04EC0-301F-11D3-BF4B-00C04F79EFBC}") = "ABCPayroll", "ABCPayroll\ABCPayroll.csproj", "{A458DF8C-C67D-4747-BB0E-A11BCD9272BB}"
EndProject
Global
	GlobalSection(SolutionConfigurationPlatforms) = preSolution
		Debug|Any CPU = Debug|Any CPU
		Release|Any CPU = Release|Any CPU
	EndGlobalSection
	GlobalSection(ProjectConfigurationPlatforms) = postSolution
		{27FC1A7C-2706-4187-9416-70539FF687BA}.Debug|Any CPU.ActiveCfg = Debug|Any CPU
		{27FC1A7C-2706-4187-9416-70539FF687BA}.Debug|Any CPU.Build.0 = Debug|Any CPU
		{27FC1A7C-2706-4187-9416-70539FF687BA}.Release|Any CPU.ActiveCfg = Release|Any CPU
		{27FC1A7C-2706-4187-9416-70539FF687BA}.Release|Any CPU.Build.0 = Release|Any CPU
		{B1859AAA-8F03-41CF-86AB-F548571B1299}.Debug|Any CPU.ActiveCfg = Debug|Any CPU
		{B1859AAA-8F03-41CF-86AB-F548571B1299}.Debug|Any CPU.Build.0 = Debug|Any CPU
		{B1859AAA-8F03-41CF-86AB-F548571B1299}.Release|Any CPU.ActiveCfg = Release|Any CPU
		{B1859AAA-8F03-41CF-86AB-F548571B1299}.Release|Any CPU.Build.0 = Release|Any CPU
		{A458DF8C-C67D-4747-BB0E-A11BCD9272BB}.Debug|Any CPU.ActiveCfg = Debug|Any CPU
		{A458DF8C-C67D-4747-BB0E-A11BCD9272BB}.Debug|Any CPU.Build.0 = Debug|Any CPU
		{A458DF8C-C67D-4747-BB0E-A11BCD9272BB}.Release|Any CPU.ActiveCfg = Release|Any CPU
		{A458DF8C-C67D-4747-BB0E-A11BCD9272BB}.Release|Any CPU.Build.0 = Release|Any CPU
	EndGlobalSection
	GlobalSection(SolutionProperties) = preSolution
		HideSolutionNode = FALSE
	EndGlobalSection
	GlobalSection(ExtensibilityGlobals) = postSolution
		SolutionGuid = {81811A53-ED40-4701-8DE6-ECC1B49114F4}
	EndGlobalSection
EndGlobal
