
Microsoft Visual Studio Solution File, Format Version 12.00
# Visual Studio Version 17
VisualStudioVersion = 17.4.33205.214
MinimumVisualStudioVersion = 10.0.40219.1
Project("{FAE04EC0-301F-11D3-BF4B-00C04F79EFBC}") = "Multiples3sand5s", "Multiples3sand5s\Multiples3sand5s.csproj", "{B089A99E-EC8D-4163-9855-511D76DFA045}"
EndProject
Global
	GlobalSection(SolutionConfigurationPlatforms) = preSolution
		Debug|Any CPU = Debug|Any CPU
		Release|Any CPU = Release|Any CPU
	EndGlobalSection
	GlobalSection(ProjectConfigurationPlatforms) = postSolution
		{B089A99E-EC8D-4163-9855-511D76DFA045}.Debug|Any CPU.ActiveCfg = Debug|Any CPU
		{B089A99E-EC8D-4163-9855-511D76DFA045}.Debug|Any CPU.Build.0 = Debug|Any CPU
		{B089A99E-EC8D-4163-9855-511D76DFA045}.Release|Any CPU.ActiveCfg = Release|Any CPU
		{B089A99E-EC8D-4163-9855-511D76DFA045}.Release|Any CPU.Build.0 = Release|Any CPU
	EndGlobalSection
	GlobalSection(SolutionProperties) = preSolution
		HideSolutionNode = FALSE
	EndGlobalSection
	GlobalSection(ExtensibilityGlobals) = postSolution
		SolutionGuid = {02F0F40E-C749-41A6-9CFB-5D2BEDCE1892}
	EndGlobalSection
EndGlobal
